
Microsoft Visual Studio Solution File, Format Version 12.00
# Visual Studio Version 17
VisualStudioVersion = 17.7.34018.315
MinimumVisualStudioVersion = 10.0.40219.1
Project("{FAE04EC0-301F-11D3-BF4B-00C04F79EFBC}") = "Exercise9", "Exercise9\Exercise9.csproj", "{C493B7F7-3453-42DC-A511-31AAB24350B1}"
EndProject
Global
	GlobalSection(SolutionConfigurationPlatforms) = preSolution
		Debug|Any CPU = Debug|Any CPU
		Release|Any CPU = Release|Any CPU
	EndGlobalSection
	GlobalSection(ProjectConfigurationPlatforms) = postSolution
		{C493B7F7-3453-42DC-A511-31AAB24350B1}.Debug|Any CPU.ActiveCfg = Debug|Any CPU
		{C493B7F7-3453-42DC-A511-31AAB24350B1}.Debug|Any CPU.Build.0 = Debug|Any CPU
		{C493B7F7-3453-42DC-A511-31AAB24350B1}.Release|Any CPU.ActiveCfg = Release|Any CPU
		{C493B7F7-3453-42DC-A511-31AAB24350B1}.Release|Any CPU.Build.0 = Release|Any CPU
	EndGlobalSection
	GlobalSection(SolutionProperties) = preSolution
		HideSolutionNode = FALSE
	EndGlobalSection
	GlobalSection(ExtensibilityGlobals) = postSolution
		SolutionGuid = {B9A86192-9878-45E0-9665-2317B3BD37B1}
	EndGlobalSection
EndGlobal
